github.com/dvyukov/go-fuzz v0.0.0-20201127111758-49e582c6c23d/go.mod h1:11Gm+ccJnvAhCNLlf5+cS9KjtbaD5I5zaZpFMsTHWTw=
github.com/oklog/ulid/v2 v2.0.2 h1:r4fFzBm+bv0wNKNh5eXTwU7i85y5x+uwkxCUTNVQqLc=
github.com/oklog/ulid/v2 v2.0.2/go.mod h1:mtBL0Qe/0HAx6/a4Z30qxVIAL1eQDweXq5lxOEiwQ68=
github.com/pborman/getopt v0.0.0-20170112200414-7148bc3a4c30/go.mod h1:85jBQOZwpVEaDAr341tbn15RS4fCAsIst0qp7i8ex1o=
github.com/spf13/pflag v1.0.5 h1:iy+VFUOCP1a+8yFto/drg2CJ5u0yRoB7fZw3DKv/JXA=
github.com/spf13/pflag v1.0.5/go.mod h1:McXfInJRrz4CZXVZOBLb0bTZqETkiAhM9Iw0y3An2Bg=
github.com/vishvananda/netlink v1.1.1-0.20210330154013-f5de75959ad5 h1:+UB2BJA852UkGH42H+Oee69djmxS3ANzl2b/JtT1YiA=
github.com/vishvananda/netlink v1.1.1-0.20210330154013-f5de75959ad5/go.mod h1:twkDnbuQxJYemMlGd4JFIcuhgX83tXhKS2B/PRMpOho=
github.com/vishvananda/netns v0.0.0-20200728191858-db3c7e526aae h1:4hwBBUfQCFe3Cym0ZtKyq7L16eZUtYKs+BaHDN6mAns=
github.com/vishvananda/netns v0.0.0-20200728191858-db3c7e526aae/go.mod h1:DD4vA1DwXk04H54A1oHXtwZmA0grkVMdPxx/VGLCah0=
go4.org/intern v0.0.0-20210108033219-3eb7198706b2 h1:VFTf+jjIgsldaz/Mr00VaCSswHJrI2hIjQygE/W4IMg=
go4.org/intern v0.0.0-20210108033219-3eb7198706b2/go.mod h1:vLqJ+12kCw61iCWsPto0EOHhBS+o4rO5VIucbc9g2Cc=
go4.org/unsafe/assume-no-moving-gc v0.0.0-20201222175341-b30ae309168e/go.mod h1:FftLjUGFEDu5k8lt0ddY+HcrH/qU/0qk+H8j9/nTl3E=
go4.org/unsafe/assume-no-moving-gc v0.0.0-20201222180813-1025295fd063 h1:1tk03FUNpulq2cuWpXZWj649rwJpk0d20rxWiopKRmc=
go4.org/unsafe/assume-no-moving-gc v0.0.0-20201222180813-1025295fd063/go.mod h1:FftLjUGFEDu5k8lt0ddY+HcrH/qU/0qk+H8j9/nTl3E=
golang.org/x/sys v0.0.0-20200217220822-9197077df867/go.mod h1:h1NjWce9XRLGQEsW7wpKNCjG9DtNlClVuFLEZdDNbEs=
golang.org/x/sys v0.0.0-20200728102440-3e129f6d46b1/go.mod h1:h1NjWce9XRLGQEsW7wpKNCjG9DtNlClVuFLEZdDNbEs=
golang.org/x/sys v0.0.0-20210305230114-8fe3ee5dd75b h1:ggRgirZABFolTmi3sn6Ivd9SipZwLedQ5wR0aAKnFxU=
golang.org/x/sys v0.0.0-20210305230114-8fe3ee5dd75b/go.mod h1:h1NjWce9XRLGQEsW7wpKNCjG9DtNlClVuFLEZdDNbEs=
inet.af/netaddr v0.0.0-20210403172118-1e1430f727e0 h1:ANl7piXB3SHmhwTNeTO0yl0yf4gO3/aaFjcBCdH9Ftg=
inet.af/netaddr v0.0.0-20210403172118-1e1430f727e0/go.mod h1:I2i9ONCXRZDnG1+7O8fSuYzjcPxHQXrIfzD/IkR87x4=
